
Microsoft Visual Studio Solution File, Format Version 12.00
# Visual Studio Version 17
VisualStudioVersion = 17.1.32319.34
MinimumVisualStudioVersion = 10.0.40219.1
Project("{9A19103F-16F7-4668-BE54-9A1E7A4F7556}") = "RecruitmentTask.Api", "RecruitmentTask.Api\RecruitmentTask.Api.csproj", "{8097DCC7-5436-4629-87C0-A747246473E7}"
EndProject
Project("{2150E333-8FDC-42A3-9474-1A3956D46DE8}") = "Solution Items", "Solution Items", "{687FDF6F-3280-496B-9613-A01B280EED68}"
	ProjectSection(SolutionItems) = preProject
		.editorconfig = .editorconfig
	EndProjectSection
EndProject
Project("{9A19103F-16F7-4668-BE54-9A1E7A4F7556}") = "RecruitmentTask.Infrastructure", "RecruitmentTask.Infrastructure\RecruitmentTask.Infrastructure.csproj", "{2E872820-D270-4421-900D-E2E0B1E1244E}"
EndProject
Project("{9A19103F-16F7-4668-BE54-9A1E7A4F7556}") = "RecruitmentTask.Domain", "RecruitmentTask.Domain\RecruitmentTask.Domain.csproj", "{A1404D4D-C579-43B9-A320-47F1AA039BCB}"
EndProject
Project("{FAE04EC0-301F-11D3-BF4B-00C04F79EFBC}") = "RecruitmentTask.DataAccess", "RecruitmentTask.DataAccess\RecruitmentTask.DataAccess.csproj", "{7C4688AE-79CA-4716-BC58-CC768144FDEB}"
EndProject
Project("{2150E333-8FDC-42A3-9474-1A3956D46DE8}") = "Tests", "Tests", "{0BD8B36E-DEE5-4233-8B70-4146C702FCF0}"
EndProject
Project("{FAE04EC0-301F-11D3-BF4B-00C04F79EFBC}") = "RecruitmentTask.xUnitTests", "RecruitmentTask.xUnitTests\RecruitmentTask.xUnitTests.csproj", "{277791C4-52EE-4263-A335-B8A139FC28B6}"
EndProject
Global
	GlobalSection(SolutionConfigurationPlatforms) = preSolution
		Debug|Any CPU = Debug|Any CPU
		Release|Any CPU = Release|Any CPU
	EndGlobalSection
	GlobalSection(ProjectConfigurationPlatforms) = postSolution
		{8097DCC7-5436-4629-87C0-A747246473E7}.Debug|Any CPU.ActiveCfg = Debug|Any CPU
		{8097DCC7-5436-4629-87C0-A747246473E7}.Debug|Any CPU.Build.0 = Debug|Any CPU
		{8097DCC7-5436-4629-87C0-A747246473E7}.Release|Any CPU.ActiveCfg = Release|Any CPU
		{8097DCC7-5436-4629-87C0-A747246473E7}.Release|Any CPU.Build.0 = Release|Any CPU
		{2E872820-D270-4421-900D-E2E0B1E1244E}.Debug|Any CPU.ActiveCfg = Debug|Any CPU
		{2E872820-D270-4421-900D-E2E0B1E1244E}.Debug|Any CPU.Build.0 = Debug|Any CPU
		{2E872820-D270-4421-900D-E2E0B1E1244E}.Release|Any CPU.ActiveCfg = Release|Any CPU
		{2E872820-D270-4421-900D-E2E0B1E1244E}.Release|Any CPU.Build.0 = Release|Any CPU
		{A1404D4D-C579-43B9-A320-47F1AA039BCB}.Debug|Any CPU.ActiveCfg = Debug|Any CPU
		{A1404D4D-C579-43B9-A320-47F1AA039BCB}.Debug|Any CPU.Build.0 = Debug|Any CPU
		{A1404D4D-C579-43B9-A320-47F1AA039BCB}.Release|Any CPU.ActiveCfg = Release|Any CPU
		{A1404D4D-C579-43B9-A320-47F1AA039BCB}.Release|Any CPU.Build.0 = Release|Any CPU
		{7C4688AE-79CA-4716-BC58-CC768144FDEB}.Debug|Any CPU.ActiveCfg = Debug|Any CPU
		{7C4688AE-79CA-4716-BC58-CC768144FDEB}.Debug|Any CPU.Build.0 = Debug|Any CPU
		{7C4688AE-79CA-4716-BC58-CC768144FDEB}.Release|Any CPU.ActiveCfg = Release|Any CPU
		{7C4688AE-79CA-4716-BC58-CC768144FDEB}.Release|Any CPU.Build.0 = Release|Any CPU
		{277791C4-52EE-4263-A335-B8A139FC28B6}.Debug|Any CPU.ActiveCfg = Debug|Any CPU
		{277791C4-52EE-4263-A335-B8A139FC28B6}.Debug|Any CPU.Build.0 = Debug|Any CPU
		{277791C4-52EE-4263-A335-B8A139FC28B6}.Release|Any CPU.ActiveCfg = Release|Any CPU
		{277791C4-52EE-4263-A335-B8A139FC28B6}.Release|Any CPU.Build.0 = Release|Any CPU
	EndGlobalSection
	GlobalSection(SolutionProperties) = preSolution
		HideSolutionNode = FALSE
	EndGlobalSection
	GlobalSection(NestedProjects) = preSolution
		{277791C4-52EE-4263-A335-B8A139FC28B6} = {0BD8B36E-DEE5-4233-8B70-4146C702FCF0}
	EndGlobalSection
	GlobalSection(ExtensibilityGlobals) = postSolution
		SolutionGuid = {7E270CDF-8364-46AC-A258-57CDC325198D}
	EndGlobalSection
EndGlobal
